
Microsoft Visual Studio Solution File, Format Version 12.00
# Visual Studio 2012
Project("{FAE04EC0-301F-11D3-BF4B-00C04F79EFBC}") = "ConsoleSorter", "ConsoleSorter\ConsoleSorter.csproj", "{7181A8E4-C0CE-41DB-A531-0E86589AB395}"
EndProject
Global
	GlobalSection(SolutionConfigurationPlatforms) = preSolution
		Debug|Any CPU = Debug|Any CPU
		Release|Any CPU = Release|Any CPU
	EndGlobalSection
	GlobalSection(ProjectConfigurationPlatforms) = postSolution
		{7181A8E4-C0CE-41DB-A531-0E86589AB395}.Debug|Any CPU.ActiveCfg = Debug|Any CPU
		{7181A8E4-C0CE-41DB-A531-0E86589AB395}.Debug|Any CPU.Build.0 = Debug|Any CPU
		{7181A8E4-C0CE-41DB-A531-0E86589AB395}.Release|Any CPU.ActiveCfg = Release|Any CPU
		{7181A8E4-C0CE-41DB-A531-0E86589AB395}.Release|Any CPU.Build.0 = Release|Any CPU
	EndGlobalSection
	GlobalSection(SolutionProperties) = preSolution
		HideSolutionNode = FALSE
	EndGlobalSection
EndGlobal
